// !$*UTF8*$!
{
	archiveVersion = 1;
	classes = {
	};
	objectVersion = 56;
	objects = {

/* Begin PBXBuildFile section */
		6C69440D2A76505B001FC108 /* LandmarksApp.swift in Sources */ = {isa = PBXBuildFile; fileRef = 6C69440C2A76505B001FC108 /* LandmarksApp.swift */; };
		6C69440F2A76505C001FC108 /* ContentView.swift in Sources */ = {isa = PBXBuildFile; fileRef = 6C69440E2A76505C001FC108 /* ContentView.swift */; };
		6C6944112A76505C001FC108 /* Assets.xcassets in Resources */ = {isa = PBXBuildFile; fileRef = 6C6944102A76505C001FC108 /* Assets.xcassets */; };
		6C6944142A76505C001FC108 /* Preview Assets.xcassets in Resources */ = {isa = PBXBuildFile; fileRef = 6C6944132A76505C001FC108 /* Preview Assets.xcassets */; };
		6C69441B2A76507D001FC108 /* CircleImage.swift in Sources */ = {isa = PBXBuildFile; fileRef = 6C69441A2A76507D001FC108 /* CircleImage.swift */; };
		6C69441D2A765089001FC108 /* MapView.swift in Sources */ = {isa = PBXBuildFile; fileRef = 6C69441C2A765089001FC108 /* MapView.swift */; };
		6C69441F2A765095001FC108 /* LandmarkRow.swift in Sources */ = {isa = PBXBuildFile; fileRef = 6C69441E2A765095001FC108 /* LandmarkRow.swift */; };
		6C6944222A7650A6001FC108 /* ModelData.swift in Sources */ = {isa = PBXBuildFile; fileRef = 6C6944212A7650A6001FC108 /* ModelData.swift */; };
		6C6944242A7650BD001FC108 /* Landmark.swift in Sources */ = {isa = PBXBuildFile; fileRef = 6C6944232A7650BD001FC108 /* Landmark.swift */; };
		6C6944282A7650F8001FC108 /* landmarkData.json in Resources */ = {isa = PBXBuildFile; fileRef = 6C6944272A7650F8001FC108 /* landmarkData.json */; };
		6C69442A2A76661F001FC108 /* LandmarkList.swift in Sources */ = {isa = PBXBuildFile; fileRef = 6C6944292A76661F001FC108 /* LandmarkList.swift */; };
		6C69442C2A767BF1001FC108 /* LandmarkDetail.swift in Sources */ = {isa = PBXBuildFile; fileRef = 6C69442B2A767BF1001FC108 /* LandmarkDetail.swift */; };
		6C69442E2A768520001FC108 /* FavoriteButton.swift in Sources */ = {isa = PBXBuildFile; fileRef = 6C69442D2A768520001FC108 /* FavoriteButton.swift */; };
		6CC5B8382A7786D5006F9468 /* HexagonParameters.swift in Sources */ = {isa = PBXBuildFile; fileRef = 6CC5B8372A7786D5006F9468 /* HexagonParameters.swift */; };
		6CC5B83C2A778A63006F9468 /* BadgeBackground.swift in Sources */ = {isa = PBXBuildFile; fileRef = 6CC5B83B2A778A63006F9468 /* BadgeBackground.swift */; };
		6CC5B83E2A778E71006F9468 /* BadgeSymbol.swift in Sources */ = {isa = PBXBuildFile; fileRef = 6CC5B83D2A778E71006F9468 /* BadgeSymbol.swift */; };
		6CC5B8402A779285006F9468 /* RotatedBadgeSymbol.swift in Sources */ = {isa = PBXBuildFile; fileRef = 6CC5B83F2A779285006F9468 /* RotatedBadgeSymbol.swift */; };
		6CC5B8422A779717006F9468 /* Badge.swift in Sources */ = {isa = PBXBuildFile; fileRef = 6CC5B8412A779717006F9468 /* Badge.swift */; };
		6CC5B8452A779B37006F9468 /* hikeData.json in Resources */ = {isa = PBXBuildFile; fileRef = 6CC5B8442A779B37006F9468 /* hikeData.json */; };
		6CC5B8472A779B58006F9468 /* Hike.swift in Sources */ = {isa = PBXBuildFile; fileRef = 6CC5B8462A779B58006F9468 /* Hike.swift */; };
		6CC5B84C2A779C03006F9468 /* GraphCapsule.swift in Sources */ = {isa = PBXBuildFile; fileRef = 6CC5B8482A779C03006F9468 /* GraphCapsule.swift */; };
		6CC5B84D2A779C03006F9468 /* HikeView.swift in Sources */ = {isa = PBXBuildFile; fileRef = 6CC5B8492A779C03006F9468 /* HikeView.swift */; };
		6CC5B84E2A779C03006F9468 /* HikeDetail.swift in Sources */ = {isa = PBXBuildFile; fileRef = 6CC5B84A2A779C03006F9468 /* HikeDetail.swift */; };
		6CC5B84F2A779C03006F9468 /* HikeGraph.swift in Sources */ = {isa = PBXBuildFile; fileRef = 6CC5B84B2A779C03006F9468 /* HikeGraph.swift */; };
/* End PBXBuildFile section */

/* Begin PBXFileReference section */
		6C6944092A76505B001FC108 /* Landmarks.app */ = {isa = PBXFileReference; explicitFileType = wrapper.application; includeInIndex = 0; path = Landmarks.app; sourceTree = BUILT_PRODUCTS_DIR; };
		6C69440C2A76505B001FC108 /* LandmarksApp.swift */ = {isa = PBXFileReference; lastKnownFileType = sourcecode.swift; path = LandmarksApp.swift; sourceTree = "<group>"; };
		6C69440E2A76505C001FC108 /* ContentView.swift */ = {isa = PBXFileReference; lastKnownFileType = sourcecode.swift; path = ContentView.swift; sourceTree = "<group>"; };
		6C6944102A76505C001FC108 /* Assets.xcassets */ = {isa = PBXFileReference; lastKnownFileType = folder.assetcatalog; path = Assets.xcassets; sourceTree = "<group>"; };
		6C6944132A76505C001FC108 /* Preview Assets.xcassets */ = {isa = PBXFileReference; lastKnownFileType = folder.assetcatalog; path = "Preview Assets.xcassets"; sourceTree = "<group>"; };
		6C69441A2A76507D001FC108 /* CircleImage.swift */ = {isa = PBXFileReference; lastKnownFileType = sourcecode.swift; path = CircleImage.swift; sourceTree = "<group>"; };
		6C69441C2A765089001FC108 /* MapView.swift */ = {isa = PBXFileReference; lastKnownFileType = sourcecode.swift; path = MapView.swift; sourceTree = "<group>"; };
		6C69441E2A765095001FC108 /* LandmarkRow.swift */ = {isa = PBXFileReference; lastKnownFileType = sourcecode.swift; path = LandmarkRow.swift; sourceTree = "<group>"; };
		6C6944212A7650A6001FC108 /* ModelData.swift */ = {isa = PBXFileReference; lastKnownFileType = sourcecode.swift; path = ModelData.swift; sourceTree = "<group>"; };
		6C6944232A7650BD001FC108 /* Landmark.swift */ = {isa = PBXFileReference; lastKnownFileType = sourcecode.swift; path = Landmark.swift; sourceTree = "<group>"; };
		6C6944272A7650F8001FC108 /* landmarkData.json */ = {isa = PBXFileReference; fileEncoding = 4; lastKnownFileType = text.json; path = landmarkData.json; sourceTree = "<group>"; };
		6C6944292A76661F001FC108 /* LandmarkList.swift */ = {isa = PBXFileReference; lastKnownFileType = sourcecode.swift; path = LandmarkList.swift; sourceTree = "<group>"; };
		6C69442B2A767BF1001FC108 /* LandmarkDetail.swift */ = {isa = PBXFileReference; lastKnownFileType = sourcecode.swift; path = LandmarkDetail.swift; sourceTree = "<group>"; };
		6C69442D2A768520001FC108 /* FavoriteButton.swift */ = {isa = PBXFileReference; lastKnownFileType = sourcecode.swift; path = FavoriteButton.swift; sourceTree = "<group>"; };
		6CC5B8372A7786D5006F9468 /* HexagonParameters.swift */ = {isa = PBXFileReference; lastKnownFileType = sourcecode.swift; path = HexagonParameters.swift; sourceTree = "<group>"; };
		6CC5B83B2A778A63006F9468 /* BadgeBackground.swift */ = {isa = PBXFileReference; lastKnownFileType = sourcecode.swift; path = BadgeBackground.swift; sourceTree = "<group>"; };
		6CC5B83D2A778E71006F9468 /* BadgeSymbol.swift */ = {isa = PBXFileReference; lastKnownFileType = sourcecode.swift; path = BadgeSymbol.swift; sourceTree = "<group>"; };
		6CC5B83F2A779285006F9468 /* RotatedBadgeSymbol.swift */ = {isa = PBXFileReference; lastKnownFileType = sourcecode.swift; path = RotatedBadgeSymbol.swift; sourceTree = "<group>"; };
		6CC5B8412A779717006F9468 /* Badge.swift */ = {isa = PBXFileReference; lastKnownFileType = sourcecode.swift; path = Badge.swift; sourceTree = "<group>"; };
		6CC5B8442A779B37006F9468 /* hikeData.json */ = {isa = PBXFileReference; fileEncoding = 4; lastKnownFileType = text.json; path = hikeData.json; sourceTree = "<group>"; };
		6CC5B8462A779B58006F9468 /* Hike.swift */ = {isa = PBXFileReference; lastKnownFileType = sourcecode.swift; path = Hike.swift; sourceTree = "<group>"; };
		6CC5B8482A779C03006F9468 /* GraphCapsule.swift */ = {isa = PBXFileReference; fileEncoding = 4; lastKnownFileType = sourcecode.swift; path = GraphCapsule.swift; sourceTree = "<group>"; };
		6CC5B8492A779C03006F9468 /* HikeView.swift */ = {isa = PBXFileReference; fileEncoding = 4; lastKnownFileType = sourcecode.swift; path = HikeView.swift; sourceTree = "<group>"; };
		6CC5B84A2A779C03006F9468 /* HikeDetail.swift */ = {isa = PBXFileReference; fileEncoding = 4; lastKnownFileType = sourcecode.swift; path = HikeDetail.swift; sourceTree = "<group>"; };
		6CC5B84B2A779C03006F9468 /* HikeGraph.swift */ = {isa = PBXFileReference; fileEncoding = 4; lastKnownFileType = sourcecode.swift; path = HikeGraph.swift; sourceTree = "<group>"; };
/* End PBXFileReference section */

/* Begin PBXFrameworksBuildPhase section */
		6C6944062A76505B001FC108 /* Frameworks */ = {
			isa = PBXFrameworksBuildPhase;
			buildActionMask = 2147483647;
			files = (
			);
			runOnlyForDeploymentPostprocessing = 0;
		};
/* End PBXFrameworksBuildPhase section */

/* Begin PBXGroup section */
		6C6944002A76505B001FC108 = {
			isa = PBXGroup;
			children = (
				6C69440B2A76505B001FC108 /* Landmarks */,
				6C69440A2A76505B001FC108 /* Products */,
			);
			sourceTree = "<group>";
		};
		6C69440A2A76505B001FC108 /* Products */ = {
			isa = PBXGroup;
			children = (
				6C6944092A76505B001FC108 /* Landmarks.app */,
			);
			name = Products;
			sourceTree = "<group>";
		};
		6C69440B2A76505B001FC108 /* Landmarks */ = {
			isa = PBXGroup;
			children = (
				6CC5B8502A779C22006F9468 /* Hike */,
				6C6944262A7650F0001FC108 /* Resources */,
				6C69440C2A76505B001FC108 /* LandmarksApp.swift */,
				6C6944252A7650EC001FC108 /* Models */,
				6C6944202A76509D001FC108 /* Views */,
				6C6944102A76505C001FC108 /* Assets.xcassets */,
				6C6944122A76505C001FC108 /* Preview Content */,
			);
			path = Landmarks;
			sourceTree = "<group>";
		};
		6C6944122A76505C001FC108 /* Preview Content */ = {
			isa = PBXGroup;
			children = (
				6C6944132A76505C001FC108 /* Preview Assets.xcassets */,
			);
			path = "Preview Content";
			sourceTree = "<group>";
		};
		6C6944202A76509D001FC108 /* Views */ = {
			isa = PBXGroup;
			children = (
				6C69440E2A76505C001FC108 /* ContentView.swift */,
				6C6944302A7685BC001FC108 /* Helpers */,
				6C69442F2A7685AD001FC108 /* Landmarks */,
				6CC5B8432A7798A6006F9468 /* Badges */,
			);
			path = Views;
			sourceTree = "<group>";
		};
		6C6944252A7650EC001FC108 /* Models */ = {
			isa = PBXGroup;
			children = (
				6C6944212A7650A6001FC108 /* ModelData.swift */,
				6C6944232A7650BD001FC108 /* Landmark.swift */,
				6CC5B8462A779B58006F9468 /* Hike.swift */,
			);
			path = Models;
			sourceTree = "<group>";
		};
		6C6944262A7650F0001FC108 /* Resources */ = {
			isa = PBXGroup;
			children = (
				6CC5B8442A779B37006F9468 /* hikeData.json */,
				6C6944272A7650F8001FC108 /* landmarkData.json */,
			);
			path = Resources;
			sourceTree = "<group>";
		};
		6C69442F2A7685AD001FC108 /* Landmarks */ = {
			isa = PBXGroup;
			children = (
				6C69441E2A765095001FC108 /* LandmarkRow.swift */,
				6C6944292A76661F001FC108 /* LandmarkList.swift */,
				6C69442B2A767BF1001FC108 /* LandmarkDetail.swift */,
			);
			path = Landmarks;
			sourceTree = "<group>";
		};
		6C6944302A7685BC001FC108 /* Helpers */ = {
			isa = PBXGroup;
			children = (
				6C69442D2A768520001FC108 /* FavoriteButton.swift */,
				6C69441A2A76507D001FC108 /* CircleImage.swift */,
				6C69441C2A765089001FC108 /* MapView.swift */,
			);
			path = Helpers;
			sourceTree = "<group>";
		};
		6CC5B8432A7798A6006F9468 /* Badges */ = {
			isa = PBXGroup;
			children = (
				6CC5B8372A7786D5006F9468 /* HexagonParameters.swift */,
				6CC5B83B2A778A63006F9468 /* BadgeBackground.swift */,
				6CC5B83D2A778E71006F9468 /* BadgeSymbol.swift */,
				6CC5B83F2A779285006F9468 /* RotatedBadgeSymbol.swift */,
				6CC5B8412A779717006F9468 /* Badge.swift */,
			);
			path = Badges;
			sourceTree = "<group>";
		};
		6CC5B8502A779C22006F9468 /* Hike */ = {
			isa = PBXGroup;
			children = (
				6CC5B8482A779C03006F9468 /* GraphCapsule.swift */,
				6CC5B84A2A779C03006F9468 /* HikeDetail.swift */,
				6CC5B84B2A779C03006F9468 /* HikeGraph.swift */,
				6CC5B8492A779C03006F9468 /* HikeView.swift */,
			);
			path = Hike;
			sourceTree = "<group>";
		};
/* End PBXGroup section */

/* Begin PBXNativeTarget section */
		6C6944082A76505B001FC108 /* Landmarks */ = {
			isa = PBXNativeTarget;
			buildConfigurationList = 6C6944172A76505C001FC108 /* Build configuration list for PBXNativeTarget "Landmarks" */;
			buildPhases = (
				6C6944052A76505B001FC108 /* Sources */,
				6C6944062A76505B001FC108 /* Frameworks */,
				6C6944072A76505B001FC108 /* Resources */,
			);
			buildRules = (
			);
			dependencies = (
			);
			name = Landmarks;
			productName = Landmarks;
			productReference = 6C6944092A76505B001FC108 /* Landmarks.app */;
			productType = "com.apple.product-type.application";
		};
/* End PBXNativeTarget section */

/* Begin PBXProject section */
		6C6944012A76505B001FC108 /* Project object */ = {
			isa = PBXProject;
			attributes = {
				BuildIndependentTargetsInParallel = 1;
				LastSwiftUpdateCheck = 1420;
				LastUpgradeCheck = 1420;
				TargetAttributes = {
					6C6944082A76505B001FC108 = {
						CreatedOnToolsVersion = 14.2;
					};
				};
			};
			buildConfigurationList = 6C6944042A76505B001FC108 /* Build configuration list for PBXProject "Landmarks" */;
			compatibilityVersion = "Xcode 14.0";
			developmentRegion = en;
			hasScannedForEncodings = 0;
			knownRegions = (
				en,
				Base,
			);
			mainGroup = 6C6944002A76505B001FC108;
			productRefGroup = 6C69440A2A76505B001FC108 /* Products */;
			projectDirPath = "";
			projectRoot = "";
			targets = (
				6C6944082A76505B001FC108 /* Landmarks */,
			);
		};
/* End PBXProject section */

/* Begin PBXResourcesBuildPhase section */
		6C6944072A76505B001FC108 /* Resources */ = {
			isa = PBXResourcesBuildPhase;
			buildActionMask = 2147483647;
			files = (
				6CC5B8452A779B37006F9468 /* hikeData.json in Resources */,
				6C6944142A76505C001FC108 /* Preview Assets.xcassets in Resources */,
				6C6944112A76505C001FC108 /* Assets.xcassets in Resources */,
				6C6944282A7650F8001FC108 /* landmarkData.json in Resources */,
			);
			runOnlyForDeploymentPostprocessing = 0;
		};
/* End PBXResourcesBuildPhase section */

/* Begin PBXSourcesBuildPhase section */
		6C6944052A76505B001FC108 /* Sources */ = {
			isa = PBXSourcesBuildPhase;
			buildActionMask = 2147483647;
			files = (
				6C6944242A7650BD001FC108 /* Landmark.swift in Sources */,
				6CC5B8422A779717006F9468 /* Badge.swift in Sources */,
				6C69440F2A76505C001FC108 /* ContentView.swift in Sources */,
				6CC5B84C2A779C03006F9468 /* GraphCapsule.swift in Sources */,
				6C69441D2A765089001FC108 /* MapView.swift in Sources */,
				6C69442E2A768520001FC108 /* FavoriteButton.swift in Sources */,
				6CC5B8382A7786D5006F9468 /* HexagonParameters.swift in Sources */,
				6CC5B84E2A779C03006F9468 /* HikeDetail.swift in Sources */,
				6CC5B8472A779B58006F9468 /* Hike.swift in Sources */,
				6CC5B8402A779285006F9468 /* RotatedBadgeSymbol.swift in Sources */,
				6CC5B83E2A778E71006F9468 /* BadgeSymbol.swift in Sources */,
				6C69442A2A76661F001FC108 /* LandmarkList.swift in Sources */,
				6C69442C2A767BF1001FC108 /* LandmarkDetail.swift in Sources */,
				6CC5B84F2A779C03006F9468 /* HikeGraph.swift in Sources */,
				6CC5B83C2A778A63006F9468 /* BadgeBackground.swift in Sources */,
				6CC5B84D2A779C03006F9468 /* HikeView.swift in Sources */,
				6C69440D2A76505B001FC108 /* LandmarksApp.swift in Sources */,
				6C6944222A7650A6001FC108 /* ModelData.swift in Sources */,
				6C69441F2A765095001FC108 /* LandmarkRow.swift in Sources */,
				6C69441B2A76507D001FC108 /* CircleImage.swift in Sources */,
			);
			runOnlyForDeploymentPostprocessing = 0;
		};
/* End PBXSourcesBuildPhase section */

/* Begin XCBuildConfiguration section */
		6C6944152A76505C001FC108 /* Debug */ = {
			isa = XCBuildConfiguration;
			buildSettings = {
				ALWAYS_SEARCH_USER_PATHS = NO;
				CLANG_ANALYZER_NONNULL = YES;
				CLANG_ANALYZER_NUMBER_OBJECT_CONVERSION = YES_AGGRESSIVE;
				CLANG_CXX_LANGUAGE_STANDARD = "gnu++20";
				CLANG_ENABLE_MODULES = YES;
				CLANG_ENABLE_OBJC_ARC = YES;
				CLANG_ENABLE_OBJC_WEAK = YES;
				CLANG_WARN_BLOCK_CAPTURE_AUTORELEASING = YES;
				CLANG_WARN_BOOL_CONVERSION = YES;
				CLANG_WARN_COMMA = YES;
				CLANG_WARN_CONSTANT_CONVERSION = YES;
				CLANG_WARN_DEPRECATED_OBJC_IMPLEMENTATIONS = YES;
				CLANG_WARN_DIRECT_OBJC_ISA_USAGE = YES_ERROR;
				CLANG_WARN_DOCUMENTATION_COMMENTS = YES;
				CLANG_WARN_EMPTY_BODY = YES;
				CLANG_WARN_ENUM_CONVERSION = YES;
				CLANG_WARN_INFINITE_RECURSION = YES;
				CLANG_WARN_INT_CONVERSION = YES;
				CLANG_WARN_NON_LITERAL_NULL_CONVERSION = YES;
				CLANG_WARN_OBJC_IMPLICIT_RETAIN_SELF = YES;
				CLANG_WARN_OBJC_LITERAL_CONVERSION = YES;
				CLANG_WARN_OBJC_ROOT_CLASS = YES_ERROR;
				CLANG_WARN_QUOTED_INCLUDE_IN_FRAMEWORK_HEADER = YES;
				CLANG_WARN_RANGE_LOOP_ANALYSIS = YES;
				CLANG_WARN_STRICT_PROTOTYPES = YES;
				CLANG_WARN_SUSPICIOUS_MOVE = YES;
				CLANG_WARN_UNGUARDED_AVAILABILITY = YES_AGGRESSIVE;
				CLANG_WARN_UNREACHABLE_CODE = YES;
				CLANG_WARN__DUPLICATE_METHOD_MATCH = YES;
				COPY_PHASE_STRIP = NO;
				DEBUG_INFORMATION_FORMAT = dwarf;
				ENABLE_STRICT_OBJC_MSGSEND = YES;
				ENABLE_TESTABILITY = YES;
				GCC_C_LANGUAGE_STANDARD = gnu11;
				GCC_DYNAMIC_NO_PIC = NO;
				GCC_NO_COMMON_BLOCKS = YES;
				GCC_OPTIMIZATION_LEVEL = 0;
				GCC_PREPROCESSOR_DEFINITIONS = (
					"DEBUG=1",
					"$(inherited)",
				);
				GCC_WARN_64_TO_32_BIT_CONVERSION = YES;
				GCC_WARN_ABOUT_RETURN_TYPE = YES_ERROR;
				GCC_WARN_UNDECLARED_SELECTOR = YES;
				GCC_WARN_UNINITIALIZED_AUTOS = YES_AGGRESSIVE;
				GCC_WARN_UNUSED_FUNCTION = YES;
				GCC_WARN_UNUSED_VARIABLE = YES;
				IPHONEOS_DEPLOYMENT_TARGET = 16.2;
				MTL_ENABLE_DEBUG_INFO = INCLUDE_SOURCE;
				MTL_FAST_MATH = YES;
				ONLY_ACTIVE_ARCH = YES;
				SDKROOT = iphoneos;
				SWIFT_ACTIVE_COMPILATION_CONDITIONS = DEBUG;
				SWIFT_OPTIMIZATION_LEVEL = "-Onone";
			};
			name = Debug;
		};
		6C6944162A76505C001FC108 /* Release */ = {
			isa = XCBuildConfiguration;
			buildSettings = {
				ALWAYS_SEARCH_USER_PATHS = NO;
				CLANG_ANALYZER_NONNULL = YES;
				CLANG_ANALYZER_NUMBER_OBJECT_CONVERSION = YES_AGGRESSIVE;
				CLANG_CXX_LANGUAGE_STANDARD = "gnu++20";
				CLANG_ENABLE_MODULES = YES;
				CLANG_ENABLE_OBJC_ARC = YES;
				CLANG_ENABLE_OBJC_WEAK = YES;
				CLANG_WARN_BLOCK_CAPTURE_AUTORELEASING = YES;
				CLANG_WARN_BOOL_CONVERSION = YES;
				CLANG_WARN_COMMA = YES;
				CLANG_WARN_CONSTANT_CONVERSION = YES;
				CLANG_WARN_DEPRECATED_OBJC_IMPLEMENTATIONS = YES;
				CLANG_WARN_DIRECT_OBJC_ISA_USAGE = YES_ERROR;
				CLANG_WARN_DOCUMENTATION_COMMENTS = YES;
				CLANG_WARN_EMPTY_BODY = YES;
				CLANG_WARN_ENUM_CONVERSION = YES;
				CLANG_WARN_INFINITE_RECURSION = YES;
				CLANG_WARN_INT_CONVERSION = YES;
				CLANG_WARN_NON_LITERAL_NULL_CONVERSION = YES;
				CLANG_WARN_OBJC_IMPLICIT_RETAIN_SELF = YES;
				CLANG_WARN_OBJC_LITERAL_CONVERSION = YES;
				CLANG_WARN_OBJC_ROOT_CLASS = YES_ERROR;
				CLANG_WARN_QUOTED_INCLUDE_IN_FRAMEWORK_HEADER = YES;
				CLANG_WARN_RANGE_LOOP_ANALYSIS = YES;
				CLANG_WARN_STRICT_PROTOTYPES = YES;
				CLANG_WARN_SUSPICIOUS_MOVE = YES;
				CLANG_WARN_UNGUARDED_AVAILABILITY = YES_AGGRESSIVE;
				CLANG_WARN_UNREACHABLE_CODE = YES;
				CLANG_WARN__DUPLICATE_METHOD_MATCH = YES;
				COPY_PHASE_STRIP = NO;
				DEBUG_INFORMATION_FORMAT = "dwarf-with-dsym";
				ENABLE_NS_ASSERTIONS = NO;
				ENABLE_STRICT_OBJC_MSGSEND = YES;
				GCC_C_LANGUAGE_STANDARD = gnu11;
				GCC_NO_COMMON_BLOCKS = YES;
				GCC_WARN_64_TO_32_BIT_CONVERSION = YES;
				GCC_WARN_ABOUT_RETURN_TYPE = YES_ERROR;
				GCC_WARN_UNDECLARED_SELECTOR = YES;
				GCC_WARN_UNINITIALIZED_AUTOS = YES_AGGRESSIVE;
				GCC_WARN_UNUSED_FUNCTION = YES;
				GCC_WARN_UNUSED_VARIABLE = YES;
				IPHONEOS_DEPLOYMENT_TARGET = 16.2;
				MTL_ENABLE_DEBUG_INFO = NO;
				MTL_FAST_MATH = YES;
				SDKROOT = iphoneos;
				SWIFT_COMPILATION_MODE = wholemodule;
				SWIFT_OPTIMIZATION_LEVEL = "-O";
				VALIDATE_PRODUCT = YES;
			};
			name = Release;
		};
		6C6944182A76505C001FC108 /* Debug */ = {
			isa = XCBuildConfiguration;
			buildSettings = {
				ASSETCATALOG_COMPILER_APPICON_NAME = AppIcon;
				ASSETCATALOG_COMPILER_GLOBAL_ACCENT_COLOR_NAME = AccentColor;
				CODE_SIGN_STYLE = Automatic;
				CURRENT_PROJECT_VERSION = 1;
				DEVELOPMENT_ASSET_PATHS = "\"Landmarks/Preview Content\"";
				DEVELOPMENT_TEAM = 4YH4UGRTMH;
				ENABLE_PREVIEWS = YES;
				GENERATE_INFOPLIST_FILE = YES;
				INFOPLIST_KEY_UIApplicationSceneManifest_Generation = YES;
				INFOPLIST_KEY_UIApplicationSupportsIndirectInputEvents = YES;
				INFOPLIST_KEY_UILaunchScreen_Generation = YES;
				INFOPLIST_KEY_UISupportedInterfaceOrientations_iPad = "UIInterfaceOrientationPortrait UIInterfaceOrientationPortraitUpsideDown UIInterfaceOrientationLandscapeLeft UIInterfaceOrientationLandscapeRight";
				INFOPLIST_KEY_UISupportedInterfaceOrientations_iPhone = "UIInterfaceOrientationPortrait UIInterfaceOrientationLandscapeLeft UIInterfaceOrientationLandscapeRight";
				LD_RUNPATH_SEARCH_PATHS = (
					"$(inherited)",
					"@executable_path/Frameworks",
				);
				MARKETING_VERSION = 1.0;
				PRODUCT_BUNDLE_IDENTIFIER = hsb.Landmarks;
				PRODUCT_NAME = "$(TARGET_NAME)";
				SWIFT_EMIT_LOC_STRINGS = YES;
				SWIFT_VERSION = 5.0;
				TARGETED_DEVICE_FAMILY = "1,2";
			};
			name = Debug;
		};
		6C6944192A76505C001FC108 /* Release */ = {
			isa = XCBuildConfiguration;
			buildSettings = {
				ASSETCATALOG_COMPILER_APPICON_NAME = AppIcon;
				ASSETCATALOG_COMPILER_GLOBAL_ACCENT_COLOR_NAME = AccentColor;
				CODE_SIGN_STYLE = Automatic;
				CURRENT_PROJECT_VERSION = 1;
				DEVELOPMENT_ASSET_PATHS = "\"Landmarks/Preview Content\"";
				DEVELOPMENT_TEAM = 4YH4UGRTMH;
				ENABLE_PREVIEWS = YES;
				GENERATE_INFOPLIST_FILE = YES;
				INFOPLIST_KEY_UIApplicationSceneManifest_Generation = YES;
				INFOPLIST_KEY_UIApplicationSupportsIndirectInputEvents = YES;
				INFOPLIST_KEY_UILaunchScreen_Generation = YES;
				INFOPLIST_KEY_UISupportedInterfaceOrientations_iPad = "UIInterfaceOrientationPortrait UIInterfaceOrientationPortraitUpsideDown UIInterfaceOrientationLandscapeLeft UIInterfaceOrientationLandscapeRight";
				INFOPLIST_KEY_UISupportedInterfaceOrientations_iPhone = "UIInterfaceOrientationPortrait UIInterfaceOrientationLandscapeLeft UIInterfaceOrientationLandscapeRight";
				LD_RUNPATH_SEARCH_PATHS = (
					"$(inherited)",
					"@executable_path/Frameworks",
				);
				MARKETING_VERSION = 1.0;
				PRODUCT_BUNDLE_IDENTIFIER = hsb.Landmarks;
				PRODUCT_NAME = "$(TARGET_NAME)";
				SWIFT_EMIT_LOC_STRINGS = YES;
				SWIFT_VERSION = 5.0;
				TARGETED_DEVICE_FAMILY = "1,2";
			};
			name = Release;
		};
/* End XCBuildConfiguration section */

/* Begin XCConfigurationList section */
		6C6944042A76505B001FC108 /* Build configuration list for PBXProject "Landmarks" */ = {
			isa = XCConfigurationList;
			buildConfigurations = (
				6C6944152A76505C001FC108 /* Debug */,
				6C6944162A76505C001FC108 /* Release */,
			);
			defaultConfigurationIsVisible = 0;
			defaultConfigurationName = Release;
		};
		6C6944172A76505C001FC108 /* Build configuration list for PBXNativeTarget "Landmarks" */ = {
			isa = XCConfigurationList;
			buildConfigurations = (
				6C6944182A76505C001FC108 /* Debug */,
				6C6944192A76505C001FC108 /* Release */,
			);
			defaultConfigurationIsVisible = 0;
			defaultConfigurationName = Release;
		};
/* End XCConfigurationList section */
	};
	rootObject = 6C6944012A76505B001FC108 /* Project object */;
}
